
Microsoft Visual Studio Solution File, Format Version 12.00
# Visual Studio 14
VisualStudioVersion = 14.0.25123.0
MinimumVisualStudioVersion = 10.0.40219.1
Project("{FAE04EC0-301F-11D3-BF4B-00C04F79EFBC}") = "birlikHediyelikOtomasyon", "birlikHediyelikOtomasyon\birlikHediyelikOtomasyon.csproj", "{135D2C65-602A-40D2-9D66-C6A3D2C2AFCF}"
EndProject
Global
	GlobalSection(SolutionConfigurationPlatforms) = preSolution
		Debug|Any CPU = Debug|Any CPU
		Release|Any CPU = Release|Any CPU
	EndGlobalSection
	GlobalSection(ProjectConfigurationPlatforms) = postSolution
		{135D2C65-602A-40D2-9D66-C6A3D2C2AFCF}.Debug|Any CPU.ActiveCfg = Debug|Any CPU
		{135D2C65-602A-40D2-9D66-C6A3D2C2AFCF}.Debug|Any CPU.Build.0 = Debug|Any CPU
		{135D2C65-602A-40D2-9D66-C6A3D2C2AFCF}.Release|Any CPU.ActiveCfg = Release|Any CPU
		{135D2C65-602A-40D2-9D66-C6A3D2C2AFCF}.Release|Any CPU.Build.0 = Release|Any CPU
	EndGlobalSection
	GlobalSection(SolutionProperties) = preSolution
		HideSolutionNode = FALSE
	EndGlobalSection
EndGlobal
